
Microsoft Visual Studio Solution File, Format Version 12.00
# Visual Studio Version 17
VisualStudioVersion = 17.1.32228.430
MinimumVisualStudioVersion = 10.0.40219.1
Project("{FAE04EC0-301F-11D3-BF4B-00C04F79EFBC}") = "MVCMovie", "MVCMovie\MVCMovie.csproj", "{035B187C-5B38-4374-8017-3C7B01AED282}"
EndProject
Global
	GlobalSection(SolutionConfigurationPlatforms) = preSolution
		Debug|Any CPU = Debug|Any CPU
		Release|Any CPU = Release|Any CPU
	EndGlobalSection
	GlobalSection(ProjectConfigurationPlatforms) = postSolution
		{035B187C-5B38-4374-8017-3C7B01AED282}.Debug|Any CPU.ActiveCfg = Debug|Any CPU
		{035B187C-5B38-4374-8017-3C7B01AED282}.Debug|Any CPU.Build.0 = Debug|Any CPU
		{035B187C-5B38-4374-8017-3C7B01AED282}.Release|Any CPU.ActiveCfg = Release|Any CPU
		{035B187C-5B38-4374-8017-3C7B01AED282}.Release|Any CPU.Build.0 = Release|Any CPU
	EndGlobalSection
	GlobalSection(SolutionProperties) = preSolution
		HideSolutionNode = FALSE
	EndGlobalSection
	GlobalSection(ExtensibilityGlobals) = postSolution
		SolutionGuid = {31D405AF-585D-4C4D-84B7-CEF57E1DCBE7}
	EndGlobalSection
EndGlobal
